
Microsoft Visual Studio Solution File, Format Version 12.00
# Visual Studio Version 17
VisualStudioVersion = 17.0.31903.59
MinimumVisualStudioVersion = 10.0.40219.1
Project("{FAE04EC0-301F-11D3-BF4B-00C04F79EFBC}") = "API", "API\API.csproj", "{EBBAF2A1-13D4-477A-A067-5DF341A2BC30}"
EndProject
Project("{FAE04EC0-301F-11D3-BF4B-00C04F79EFBC}") = "Application", "Application\Application.csproj", "{F862F9C4-B2AB-40EE-8F2A-96EDF2EF9762}"
EndProject
Project("{FAE04EC0-301F-11D3-BF4B-00C04F79EFBC}") = "Domain", "Domain\Domain.csproj", "{F7C88BDC-300F-4F53-A455-8FEC9FD9B76A}"
EndProject
Project("{FAE04EC0-301F-11D3-BF4B-00C04F79EFBC}") = "Persistence", "Persistence\Persistence.csproj", "{46E6E587-6C9B-4D45-8C94-8924300CB269}"
EndProject
Project("{FAE04EC0-301F-11D3-BF4B-00C04F79EFBC}") = "Infrastructure", "Infrastructure\Infrastructure.csproj", "{E5F174DD-BAFA-4C23-A9FA-FACEC75C8B21}"
EndProject
Global
	GlobalSection(SolutionConfigurationPlatforms) = preSolution
		Debug|Any CPU = Debug|Any CPU
		Debug|x64 = Debug|x64
		Debug|x86 = Debug|x86
		Release|Any CPU = Release|Any CPU
		Release|x64 = Release|x64
		Release|x86 = Release|x86
	EndGlobalSection
	GlobalSection(ProjectConfigurationPlatforms) = postSolution
		{EBBAF2A1-13D4-477A-A067-5DF341A2BC30}.Debug|Any CPU.ActiveCfg = Debug|Any CPU
		{EBBAF2A1-13D4-477A-A067-5DF341A2BC30}.Debug|Any CPU.Build.0 = Debug|Any CPU
		{EBBAF2A1-13D4-477A-A067-5DF341A2BC30}.Debug|x64.ActiveCfg = Debug|Any CPU
		{EBBAF2A1-13D4-477A-A067-5DF341A2BC30}.Debug|x64.Build.0 = Debug|Any CPU
		{EBBAF2A1-13D4-477A-A067-5DF341A2BC30}.Debug|x86.ActiveCfg = Debug|Any CPU
		{EBBAF2A1-13D4-477A-A067-5DF341A2BC30}.Debug|x86.Build.0 = Debug|Any CPU
		{EBBAF2A1-13D4-477A-A067-5DF341A2BC30}.Release|Any CPU.ActiveCfg = Release|Any CPU
		{EBBAF2A1-13D4-477A-A067-5DF341A2BC30}.Release|Any CPU.Build.0 = Release|Any CPU
		{EBBAF2A1-13D4-477A-A067-5DF341A2BC30}.Release|x64.ActiveCfg = Release|Any CPU
		{EBBAF2A1-13D4-477A-A067-5DF341A2BC30}.Release|x64.Build.0 = Release|Any CPU
		{EBBAF2A1-13D4-477A-A067-5DF341A2BC30}.Release|x86.ActiveCfg = Release|Any CPU
		{EBBAF2A1-13D4-477A-A067-5DF341A2BC30}.Release|x86.Build.0 = Release|Any CPU
		{F862F9C4-B2AB-40EE-8F2A-96EDF2EF9762}.Debug|Any CPU.ActiveCfg = Debug|Any CPU
		{F862F9C4-B2AB-40EE-8F2A-96EDF2EF9762}.Debug|Any CPU.Build.0 = Debug|Any CPU
		{F862F9C4-B2AB-40EE-8F2A-96EDF2EF9762}.Debug|x64.ActiveCfg = Debug|Any CPU
		{F862F9C4-B2AB-40EE-8F2A-96EDF2EF9762}.Debug|x64.Build.0 = Debug|Any CPU
		{F862F9C4-B2AB-40EE-8F2A-96EDF2EF9762}.Debug|x86.ActiveCfg = Debug|Any CPU
		{F862F9C4-B2AB-40EE-8F2A-96EDF2EF9762}.Debug|x86.Build.0 = Debug|Any CPU
		{F862F9C4-B2AB-40EE-8F2A-96EDF2EF9762}.Release|Any CPU.ActiveCfg = Release|Any CPU
		{F862F9C4-B2AB-40EE-8F2A-96EDF2EF9762}.Release|Any CPU.Build.0 = Release|Any CPU
		{F862F9C4-B2AB-40EE-8F2A-96EDF2EF9762}.Release|x64.ActiveCfg = Release|Any CPU
		{F862F9C4-B2AB-40EE-8F2A-96EDF2EF9762}.Release|x64.Build.0 = Release|Any CPU
		{F862F9C4-B2AB-40EE-8F2A-96EDF2EF9762}.Release|x86.ActiveCfg = Release|Any CPU
		{F862F9C4-B2AB-40EE-8F2A-96EDF2EF9762}.Release|x86.Build.0 = Release|Any CPU
		{F7C88BDC-300F-4F53-A455-8FEC9FD9B76A}.Debug|Any CPU.ActiveCfg = Debug|Any CPU
		{F7C88BDC-300F-4F53-A455-8FEC9FD9B76A}.Debug|Any CPU.Build.0 = Debug|Any CPU
		{F7C88BDC-300F-4F53-A455-8FEC9FD9B76A}.Debug|x64.ActiveCfg = Debug|Any CPU
		{F7C88BDC-300F-4F53-A455-8FEC9FD9B76A}.Debug|x64.Build.0 = Debug|Any CPU
		{F7C88BDC-300F-4F53-A455-8FEC9FD9B76A}.Debug|x86.ActiveCfg = Debug|Any CPU
		{F7C88BDC-300F-4F53-A455-8FEC9FD9B76A}.Debug|x86.Build.0 = Debug|Any CPU
		{F7C88BDC-300F-4F53-A455-8FEC9FD9B76A}.Release|Any CPU.ActiveCfg = Release|Any CPU
		{F7C88BDC-300F-4F53-A455-8FEC9FD9B76A}.Release|Any CPU.Build.0 = Release|Any CPU
		{F7C88BDC-300F-4F53-A455-8FEC9FD9B76A}.Release|x64.ActiveCfg = Release|Any CPU
		{F7C88BDC-300F-4F53-A455-8FEC9FD9B76A}.Release|x64.Build.0 = Release|Any CPU
		{F7C88BDC-300F-4F53-A455-8FEC9FD9B76A}.Release|x86.ActiveCfg = Release|Any CPU
		{F7C88BDC-300F-4F53-A455-8FEC9FD9B76A}.Release|x86.Build.0 = Release|Any CPU
		{46E6E587-6C9B-4D45-8C94-8924300CB269}.Debug|Any CPU.ActiveCfg = Debug|Any CPU
		{46E6E587-6C9B-4D45-8C94-8924300CB269}.Debug|Any CPU.Build.0 = Debug|Any CPU
		{46E6E587-6C9B-4D45-8C94-8924300CB269}.Debug|x64.ActiveCfg = Debug|Any CPU
		{46E6E587-6C9B-4D45-8C94-8924300CB269}.Debug|x64.Build.0 = Debug|Any CPU
		{46E6E587-6C9B-4D45-8C94-8924300CB269}.Debug|x86.ActiveCfg = Debug|Any CPU
		{46E6E587-6C9B-4D45-8C94-8924300CB269}.Debug|x86.Build.0 = Debug|Any CPU
		{46E6E587-6C9B-4D45-8C94-8924300CB269}.Release|Any CPU.ActiveCfg = Release|Any CPU
		{46E6E587-6C9B-4D45-8C94-8924300CB269}.Release|Any CPU.Build.0 = Release|Any CPU
		{46E6E587-6C9B-4D45-8C94-8924300CB269}.Release|x64.ActiveCfg = Release|Any CPU
		{46E6E587-6C9B-4D45-8C94-8924300CB269}.Release|x64.Build.0 = Release|Any CPU
		{46E6E587-6C9B-4D45-8C94-8924300CB269}.Release|x86.ActiveCfg = Release|Any CPU
		{46E6E587-6C9B-4D45-8C94-8924300CB269}.Release|x86.Build.0 = Release|Any CPU
		{E5F174DD-BAFA-4C23-A9FA-FACEC75C8B21}.Debug|Any CPU.ActiveCfg = Debug|Any CPU
		{E5F174DD-BAFA-4C23-A9FA-FACEC75C8B21}.Debug|Any CPU.Build.0 = Debug|Any CPU
		{E5F174DD-BAFA-4C23-A9FA-FACEC75C8B21}.Debug|x64.ActiveCfg = Debug|Any CPU
		{E5F174DD-BAFA-4C23-A9FA-FACEC75C8B21}.Debug|x64.Build.0 = Debug|Any CPU
		{E5F174DD-BAFA-4C23-A9FA-FACEC75C8B21}.Debug|x86.ActiveCfg = Debug|Any CPU
		{E5F174DD-BAFA-4C23-A9FA-FACEC75C8B21}.Debug|x86.Build.0 = Debug|Any CPU
		{E5F174DD-BAFA-4C23-A9FA-FACEC75C8B21}.Release|Any CPU.ActiveCfg = Release|Any CPU
		{E5F174DD-BAFA-4C23-A9FA-FACEC75C8B21}.Release|Any CPU.Build.0 = Release|Any CPU
		{E5F174DD-BAFA-4C23-A9FA-FACEC75C8B21}.Release|x64.ActiveCfg = Release|Any CPU
		{E5F174DD-BAFA-4C23-A9FA-FACEC75C8B21}.Release|x64.Build.0 = Release|Any CPU
		{E5F174DD-BAFA-4C23-A9FA-FACEC75C8B21}.Release|x86.ActiveCfg = Release|Any CPU
		{E5F174DD-BAFA-4C23-A9FA-FACEC75C8B21}.Release|x86.Build.0 = Release|Any CPU
	EndGlobalSection
	GlobalSection(SolutionProperties) = preSolution
		HideSolutionNode = FALSE
	EndGlobalSection
EndGlobal
